
Microsoft Visual Studio Solution File, Format Version 12.00
# Visual Studio 14
VisualStudioVersion = 14.0.25123.0
MinimumVisualStudioVersion = 10.0.40219.1
Project("{FAE04EC0-301F-11D3-BF4B-00C04F79EFBC}") = "IdolMasterAutoPlayPS4", "IdolMasterAutoPlayPS4\IdolMasterAutoPlayPS4.csproj", "{FFC23827-2B51-44B2-9637-E33251F44B42}"
EndProject
Global
	GlobalSection(SolutionConfigurationPlatforms) = preSolution
		Debug|x86 = Debug|x86
		Release|x86 = Release|x86
	EndGlobalSection
	GlobalSection(ProjectConfigurationPlatforms) = postSolution
		{FFC23827-2B51-44B2-9637-E33251F44B42}.Debug|x86.ActiveCfg = Debug|x86
		{FFC23827-2B51-44B2-9637-E33251F44B42}.Debug|x86.Build.0 = Debug|x86
		{FFC23827-2B51-44B2-9637-E33251F44B42}.Release|x86.ActiveCfg = Release|x86
		{FFC23827-2B51-44B2-9637-E33251F44B42}.Release|x86.Build.0 = Release|x86
	EndGlobalSection
	GlobalSection(SolutionProperties) = preSolution
		HideSolutionNode = FALSE
	EndGlobalSection
EndGlobal
